
Microsoft Visual Studio Solution File, Format Version 12.00
# Visual Studio Version 16
VisualStudioVersion = 16.0.31424.327
MinimumVisualStudioVersion = 10.0.40219.1
Project("{FAE04EC0-301F-11D3-BF4B-00C04F79EFBC}") = "JuegoPeliculas", "JuegoPeliculas\JuegoPeliculas.csproj", "{F22E7CAF-C7B3-4B52-ADB4-C4BA1F39D8AA}"
EndProject
Global
	GlobalSection(SolutionConfigurationPlatforms) = preSolution
		Debug|Any CPU = Debug|Any CPU
		Release|Any CPU = Release|Any CPU
	EndGlobalSection
	GlobalSection(ProjectConfigurationPlatforms) = postSolution
		{F22E7CAF-C7B3-4B52-ADB4-C4BA1F39D8AA}.Debug|Any CPU.ActiveCfg = Debug|Any CPU
		{F22E7CAF-C7B3-4B52-ADB4-C4BA1F39D8AA}.Debug|Any CPU.Build.0 = Debug|Any CPU
		{F22E7CAF-C7B3-4B52-ADB4-C4BA1F39D8AA}.Release|Any CPU.ActiveCfg = Release|Any CPU
		{F22E7CAF-C7B3-4B52-ADB4-C4BA1F39D8AA}.Release|Any CPU.Build.0 = Release|Any CPU
	EndGlobalSection
	GlobalSection(SolutionProperties) = preSolution
		HideSolutionNode = FALSE
	EndGlobalSection
	GlobalSection(ExtensibilityGlobals) = postSolution
		SolutionGuid = {0E362B30-FE9F-446B-B6D3-308E8C908FC4}
	EndGlobalSection
EndGlobal
